
Microsoft Visual Studio Solution File, Format Version 12.00
# Visual Studio Version 17
VisualStudioVersion = 17.9.34723.18
MinimumVisualStudioVersion = 10.0.40219.1
Project("{FAE04EC0-301F-11D3-BF4B-00C04F79EFBC}") = "OOP-No.2", "OOP-No.2\OOP-No.2.csproj", "{9C7C62D2-3060-46FC-8688-55B1DE6EAD2A}"
EndProject
Global
	GlobalSection(SolutionConfigurationPlatforms) = preSolution
		Debug|Any CPU = Debug|Any CPU
		Release|Any CPU = Release|Any CPU
	EndGlobalSection
	GlobalSection(ProjectConfigurationPlatforms) = postSolution
		{9C7C62D2-3060-46FC-8688-55B1DE6EAD2A}.Debug|Any CPU.ActiveCfg = Debug|Any CPU
		{9C7C62D2-3060-46FC-8688-55B1DE6EAD2A}.Debug|Any CPU.Build.0 = Debug|Any CPU
		{9C7C62D2-3060-46FC-8688-55B1DE6EAD2A}.Release|Any CPU.ActiveCfg = Release|Any CPU
		{9C7C62D2-3060-46FC-8688-55B1DE6EAD2A}.Release|Any CPU.Build.0 = Release|Any CPU
	EndGlobalSection
	GlobalSection(SolutionProperties) = preSolution
		HideSolutionNode = FALSE
	EndGlobalSection
	GlobalSection(ExtensibilityGlobals) = postSolution
		SolutionGuid = {D5095FDD-1069-4BCE-87A3-9461AB341883}
	EndGlobalSection
EndGlobal
